// !$*UTF8*$!
{
	archiveVersion = 1;
	classes = {
	};
	objectVersion = 56;
	objects = {

/* Begin PBXBuildFile section */
		0E9512DB2BB5D88400E9CA83 /* NESEmulatorApp.swift in Sources */ = {isa = PBXBuildFile; fileRef = 0E9512DA2BB5D88400E9CA83 /* NESEmulatorApp.swift */; };
		0E9512DD2BB5D88400E9CA83 /* ContentView.swift in Sources */ = {isa = PBXBuildFile; fileRef = 0E9512DC2BB5D88400E9CA83 /* ContentView.swift */; };
		0E9512DF2BB5D88500E9CA83 /* Assets.xcassets in Resources */ = {isa = PBXBuildFile; fileRef = 0E9512DE2BB5D88500E9CA83 /* Assets.xcassets */; };
		0E9512E22BB5D88500E9CA83 /* Preview Assets.xcassets in Resources */ = {isa = PBXBuildFile; fileRef = 0E9512E12BB5D88500E9CA83 /* Preview Assets.xcassets */; };
		0E9512E92BB5D89300E9CA83 /* NES.swift in Sources */ = {isa = PBXBuildFile; fileRef = 0E9512E82BB5D89300E9CA83 /* NES.swift */; };
		0E9512EB2BB5DBA100E9CA83 /* NES+CPU.swift in Sources */ = {isa = PBXBuildFile; fileRef = 0E9512EA2BB5DBA100E9CA83 /* NES+CPU.swift */; };
		0E9512ED2BB5DBC300E9CA83 /* NES+PPU.swift in Sources */ = {isa = PBXBuildFile; fileRef = 0E9512EC2BB5DBC300E9CA83 /* NES+PPU.swift */; };
		0E9512EF2BB5DBD400E9CA83 /* NES+APU.swift in Sources */ = {isa = PBXBuildFile; fileRef = 0E9512EE2BB5DBD400E9CA83 /* NES+APU.swift */; };
		0E9512F12BB5DBEB00E9CA83 /* NES+Memory.swift in Sources */ = {isa = PBXBuildFile; fileRef = 0E9512F02BB5DBEB00E9CA83 /* NES+Memory.swift */; };
		0E9512F32BB5DC0000E9CA83 /* NES+Cartridge.swift in Sources */ = {isa = PBXBuildFile; fileRef = 0E9512F22BB5DC0000E9CA83 /* NES+Cartridge.swift */; };
		0E9512F52BB5DC1D00E9CA83 /* NES+InputHandler.swift in Sources */ = {isa = PBXBuildFile; fileRef = 0E9512F42BB5DC1D00E9CA83 /* NES+InputHandler.swift */; };
		0E9512F72BB5E04C00E9CA83 /* NES.CPU+Opcode.swift in Sources */ = {isa = PBXBuildFile; fileRef = 0E9512F62BB5E04C00E9CA83 /* NES.CPU+Opcode.swift */; };
		0E9512F92BB6029400E9CA83 /* NES.CPU+Registers.swift in Sources */ = {isa = PBXBuildFile; fileRef = 0E9512F82BB6029400E9CA83 /* NES.CPU+Registers.swift */; };
		0E9512FF2BB6302000E9CA83 /* NES.CPU+OpcodeImpl.swift in Sources */ = {isa = PBXBuildFile; fileRef = 0E9512FE2BB6302000E9CA83 /* NES.CPU+OpcodeImpl.swift */; };
		0E9513012BB77D3200E9CA83 /* Logger.swift in Sources */ = {isa = PBXBuildFile; fileRef = 0E9513002BB77D3200E9CA83 /* Logger.swift */; };
		0E9513042BB7F55300E9CA83 /* NES.CPU+AddressingModes.swift in Sources */ = {isa = PBXBuildFile; fileRef = 0E9513032BB7F55300E9CA83 /* NES.CPU+AddressingModes.swift */; };
		0E9513202BBB9DBC00E9CA83 /* NES.CPU.Registers+Status.swift in Sources */ = {isa = PBXBuildFile; fileRef = 0E95131F2BBB9DBC00E9CA83 /* NES.CPU.Registers+Status.swift */; };
/* End PBXBuildFile section */

/* Begin PBXFileReference section */
		0E9512D72BB5D88400E9CA83 /* NESEmulator.app */ = {isa = PBXFileReference; explicitFileType = wrapper.application; includeInIndex = 0; path = NESEmulator.app; sourceTree = BUILT_PRODUCTS_DIR; };
		0E9512DA2BB5D88400E9CA83 /* NESEmulatorApp.swift */ = {isa = PBXFileReference; lastKnownFileType = sourcecode.swift; path = NESEmulatorApp.swift; sourceTree = "<group>"; };
		0E9512DC2BB5D88400E9CA83 /* ContentView.swift */ = {isa = PBXFileReference; lastKnownFileType = sourcecode.swift; path = ContentView.swift; sourceTree = "<group>"; };
		0E9512DE2BB5D88500E9CA83 /* Assets.xcassets */ = {isa = PBXFileReference; lastKnownFileType = folder.assetcatalog; path = Assets.xcassets; sourceTree = "<group>"; };
		0E9512E12BB5D88500E9CA83 /* Preview Assets.xcassets */ = {isa = PBXFileReference; lastKnownFileType = folder.assetcatalog; path = "Preview Assets.xcassets"; sourceTree = "<group>"; };
		0E9512E82BB5D89300E9CA83 /* NES.swift */ = {isa = PBXFileReference; lastKnownFileType = sourcecode.swift; path = NES.swift; sourceTree = "<group>"; };
		0E9512EA2BB5DBA100E9CA83 /* NES+CPU.swift */ = {isa = PBXFileReference; lastKnownFileType = sourcecode.swift; path = "NES+CPU.swift"; sourceTree = "<group>"; };
		0E9512EC2BB5DBC300E9CA83 /* NES+PPU.swift */ = {isa = PBXFileReference; lastKnownFileType = sourcecode.swift; path = "NES+PPU.swift"; sourceTree = "<group>"; };
		0E9512EE2BB5DBD400E9CA83 /* NES+APU.swift */ = {isa = PBXFileReference; lastKnownFileType = sourcecode.swift; path = "NES+APU.swift"; sourceTree = "<group>"; };
		0E9512F02BB5DBEB00E9CA83 /* NES+Memory.swift */ = {isa = PBXFileReference; lastKnownFileType = sourcecode.swift; path = "NES+Memory.swift"; sourceTree = "<group>"; };
		0E9512F22BB5DC0000E9CA83 /* NES+Cartridge.swift */ = {isa = PBXFileReference; lastKnownFileType = sourcecode.swift; path = "NES+Cartridge.swift"; sourceTree = "<group>"; };
		0E9512F42BB5DC1D00E9CA83 /* NES+InputHandler.swift */ = {isa = PBXFileReference; lastKnownFileType = sourcecode.swift; path = "NES+InputHandler.swift"; sourceTree = "<group>"; };
		0E9512F62BB5E04C00E9CA83 /* NES.CPU+Opcode.swift */ = {isa = PBXFileReference; lastKnownFileType = sourcecode.swift; path = "NES.CPU+Opcode.swift"; sourceTree = "<group>"; };
		0E9512F82BB6029400E9CA83 /* NES.CPU+Registers.swift */ = {isa = PBXFileReference; lastKnownFileType = sourcecode.swift; path = "NES.CPU+Registers.swift"; sourceTree = "<group>"; };
		0E9512FE2BB6302000E9CA83 /* NES.CPU+OpcodeImpl.swift */ = {isa = PBXFileReference; lastKnownFileType = sourcecode.swift; path = "NES.CPU+OpcodeImpl.swift"; sourceTree = "<group>"; };
		0E9513002BB77D3200E9CA83 /* Logger.swift */ = {isa = PBXFileReference; lastKnownFileType = sourcecode.swift; path = Logger.swift; sourceTree = "<group>"; };
		0E9513032BB7F55300E9CA83 /* NES.CPU+AddressingModes.swift */ = {isa = PBXFileReference; lastKnownFileType = sourcecode.swift; path = "NES.CPU+AddressingModes.swift"; sourceTree = "<group>"; };
		0E95131F2BBB9DBC00E9CA83 /* NES.CPU.Registers+Status.swift */ = {isa = PBXFileReference; lastKnownFileType = sourcecode.swift; path = "NES.CPU.Registers+Status.swift"; sourceTree = "<group>"; };
/* End PBXFileReference section */

/* Begin PBXFrameworksBuildPhase section */
		0E9512D42BB5D88400E9CA83 /* Frameworks */ = {
			isa = PBXFrameworksBuildPhase;
			buildActionMask = 2147483647;
			files = (
			);
			runOnlyForDeploymentPostprocessing = 0;
		};
/* End PBXFrameworksBuildPhase section */

/* Begin PBXGroup section */
		0E9512CE2BB5D88400E9CA83 = {
			isa = PBXGroup;
			children = (
				0E9512D92BB5D88400E9CA83 /* NESEmulator */,
				0E9512D82BB5D88400E9CA83 /* Products */,
			);
			sourceTree = "<group>";
		};
		0E9512D82BB5D88400E9CA83 /* Products */ = {
			isa = PBXGroup;
			children = (
				0E9512D72BB5D88400E9CA83 /* NESEmulator.app */,
			);
			name = Products;
			sourceTree = "<group>";
		};
		0E9512D92BB5D88400E9CA83 /* NESEmulator */ = {
			isa = PBXGroup;
			children = (
				0E9512FC2BB62FFF00E9CA83 /* Resources */,
				0E9512FD2BB6300600E9CA83 /* Views */,
				0E9512FB2BB62F7C00E9CA83 /* Emulator */,
				0E9513022BB77D4100E9CA83 /* Managers */,
				0E9512E02BB5D88500E9CA83 /* Preview Content */,
			);
			path = NESEmulator;
			sourceTree = "<group>";
		};
		0E9512E02BB5D88500E9CA83 /* Preview Content */ = {
			isa = PBXGroup;
			children = (
				0E9512E12BB5D88500E9CA83 /* Preview Assets.xcassets */,
			);
			path = "Preview Content";
			sourceTree = "<group>";
		};
		0E9512FA2BB62F6F00E9CA83 /* CPU */ = {
			isa = PBXGroup;
			children = (
				0E9512EA2BB5DBA100E9CA83 /* NES+CPU.swift */,
				0E9512F82BB6029400E9CA83 /* NES.CPU+Registers.swift */,
				0E95131F2BBB9DBC00E9CA83 /* NES.CPU.Registers+Status.swift */,
				0E9512F62BB5E04C00E9CA83 /* NES.CPU+Opcode.swift */,
				0E9512FE2BB6302000E9CA83 /* NES.CPU+OpcodeImpl.swift */,
				0E9513032BB7F55300E9CA83 /* NES.CPU+AddressingModes.swift */,
			);
			path = CPU;
			sourceTree = "<group>";
		};
		0E9512FB2BB62F7C00E9CA83 /* Emulator */ = {
			isa = PBXGroup;
			children = (
				0E9512E82BB5D89300E9CA83 /* NES.swift */,
				0E9512FA2BB62F6F00E9CA83 /* CPU */,
				0E9512EC2BB5DBC300E9CA83 /* NES+PPU.swift */,
				0E9512EE2BB5DBD400E9CA83 /* NES+APU.swift */,
				0E9512F02BB5DBEB00E9CA83 /* NES+Memory.swift */,
				0E9512F22BB5DC0000E9CA83 /* NES+Cartridge.swift */,
				0E9512F42BB5DC1D00E9CA83 /* NES+InputHandler.swift */,
			);
			path = Emulator;
			sourceTree = "<group>";
		};
		0E9512FC2BB62FFF00E9CA83 /* Resources */ = {
			isa = PBXGroup;
			children = (
				0E9512DA2BB5D88400E9CA83 /* NESEmulatorApp.swift */,
				0E9512DE2BB5D88500E9CA83 /* Assets.xcassets */,
			);
			path = Resources;
			sourceTree = "<group>";
		};
		0E9512FD2BB6300600E9CA83 /* Views */ = {
			isa = PBXGroup;
			children = (
				0E9512DC2BB5D88400E9CA83 /* ContentView.swift */,
			);
			path = Views;
			sourceTree = "<group>";
		};
		0E9513022BB77D4100E9CA83 /* Managers */ = {
			isa = PBXGroup;
			children = (
				0E9513002BB77D3200E9CA83 /* Logger.swift */,
			);
			path = Managers;
			sourceTree = "<group>";
		};
/* End PBXGroup section */

/* Begin PBXNativeTarget section */
		0E9512D62BB5D88400E9CA83 /* NESEmulator */ = {
			isa = PBXNativeTarget;
			buildConfigurationList = 0E9512E52BB5D88500E9CA83 /* Build configuration list for PBXNativeTarget "NESEmulator" */;
			buildPhases = (
				0E9512D32BB5D88400E9CA83 /* Sources */,
				0E9512D42BB5D88400E9CA83 /* Frameworks */,
				0E9512D52BB5D88400E9CA83 /* Resources */,
			);
			buildRules = (
			);
			dependencies = (
			);
			name = NESEmulator;
			productName = NESEmulator;
			productReference = 0E9512D72BB5D88400E9CA83 /* NESEmulator.app */;
			productType = "com.apple.product-type.application";
		};
/* End PBXNativeTarget section */

/* Begin PBXProject section */
		0E9512CF2BB5D88400E9CA83 /* Project object */ = {
			isa = PBXProject;
			attributes = {
				BuildIndependentTargetsInParallel = 1;
				LastSwiftUpdateCheck = 1530;
				LastUpgradeCheck = 1530;
				TargetAttributes = {
					0E9512D62BB5D88400E9CA83 = {
						CreatedOnToolsVersion = 15.3;
					};
				};
			};
			buildConfigurationList = 0E9512D22BB5D88400E9CA83 /* Build configuration list for PBXProject "NESEmulator" */;
			compatibilityVersion = "Xcode 14.0";
			developmentRegion = en;
			hasScannedForEncodings = 0;
			knownRegions = (
				en,
				Base,
			);
			mainGroup = 0E9512CE2BB5D88400E9CA83;
			productRefGroup = 0E9512D82BB5D88400E9CA83 /* Products */;
			projectDirPath = "";
			projectRoot = "";
			targets = (
				0E9512D62BB5D88400E9CA83 /* NESEmulator */,
			);
		};
/* End PBXProject section */

/* Begin PBXResourcesBuildPhase section */
		0E9512D52BB5D88400E9CA83 /* Resources */ = {
			isa = PBXResourcesBuildPhase;
			buildActionMask = 2147483647;
			files = (
				0E9512E22BB5D88500E9CA83 /* Preview Assets.xcassets in Resources */,
				0E9512DF2BB5D88500E9CA83 /* Assets.xcassets in Resources */,
			);
			runOnlyForDeploymentPostprocessing = 0;
		};
/* End PBXResourcesBuildPhase section */

/* Begin PBXSourcesBuildPhase section */
		0E9512D32BB5D88400E9CA83 /* Sources */ = {
			isa = PBXSourcesBuildPhase;
			buildActionMask = 2147483647;
			files = (
				0E9512F12BB5DBEB00E9CA83 /* NES+Memory.swift in Sources */,
				0E9512DD2BB5D88400E9CA83 /* ContentView.swift in Sources */,
				0E9512EB2BB5DBA100E9CA83 /* NES+CPU.swift in Sources */,
				0E9512F52BB5DC1D00E9CA83 /* NES+InputHandler.swift in Sources */,
				0E9512DB2BB5D88400E9CA83 /* NESEmulatorApp.swift in Sources */,
				0E9513042BB7F55300E9CA83 /* NES.CPU+AddressingModes.swift in Sources */,
				0E9512E92BB5D89300E9CA83 /* NES.swift in Sources */,
				0E9512ED2BB5DBC300E9CA83 /* NES+PPU.swift in Sources */,
				0E9512F72BB5E04C00E9CA83 /* NES.CPU+Opcode.swift in Sources */,
				0E9512EF2BB5DBD400E9CA83 /* NES+APU.swift in Sources */,
				0E9513012BB77D3200E9CA83 /* Logger.swift in Sources */,
				0E9512F32BB5DC0000E9CA83 /* NES+Cartridge.swift in Sources */,
				0E9512FF2BB6302000E9CA83 /* NES.CPU+OpcodeImpl.swift in Sources */,
				0E9512F92BB6029400E9CA83 /* NES.CPU+Registers.swift in Sources */,
				0E9513202BBB9DBC00E9CA83 /* NES.CPU.Registers+Status.swift in Sources */,
			);
			runOnlyForDeploymentPostprocessing = 0;
		};
/* End PBXSourcesBuildPhase section */

/* Begin XCBuildConfiguration section */
		0E9512E32BB5D88500E9CA83 /* Debug */ = {
			isa = XCBuildConfiguration;
			buildSettings = {
				ALWAYS_SEARCH_USER_PATHS = NO;
				ASSETCATALOG_COMPILER_GENERATE_SWIFT_ASSET_SYMBOL_EXTENSIONS = YES;
				CLANG_ANALYZER_NONNULL = YES;
				CLANG_ANALYZER_NUMBER_OBJECT_CONVERSION = YES_AGGRESSIVE;
				CLANG_CXX_LANGUAGE_STANDARD = "gnu++20";
				CLANG_ENABLE_MODULES = YES;
				CLANG_ENABLE_OBJC_ARC = YES;
				CLANG_ENABLE_OBJC_WEAK = YES;
				CLANG_WARN_BLOCK_CAPTURE_AUTORELEASING = YES;
				CLANG_WARN_BOOL_CONVERSION = YES;
				CLANG_WARN_COMMA = YES;
				CLANG_WARN_CONSTANT_CONVERSION = YES;
				CLANG_WARN_DEPRECATED_OBJC_IMPLEMENTATIONS = YES;
				CLANG_WARN_DIRECT_OBJC_ISA_USAGE = YES_ERROR;
				CLANG_WARN_DOCUMENTATION_COMMENTS = YES;
				CLANG_WARN_EMPTY_BODY = YES;
				CLANG_WARN_ENUM_CONVERSION = YES;
				CLANG_WARN_INFINITE_RECURSION = YES;
				CLANG_WARN_INT_CONVERSION = YES;
				CLANG_WARN_NON_LITERAL_NULL_CONVERSION = YES;
				CLANG_WARN_OBJC_IMPLICIT_RETAIN_SELF = YES;
				CLANG_WARN_OBJC_LITERAL_CONVERSION = YES;
				CLANG_WARN_OBJC_ROOT_CLASS = YES_ERROR;
				CLANG_WARN_QUOTED_INCLUDE_IN_FRAMEWORK_HEADER = YES;
				CLANG_WARN_RANGE_LOOP_ANALYSIS = YES;
				CLANG_WARN_STRICT_PROTOTYPES = YES;
				CLANG_WARN_SUSPICIOUS_MOVE = YES;
				CLANG_WARN_UNGUARDED_AVAILABILITY = YES_AGGRESSIVE;
				CLANG_WARN_UNREACHABLE_CODE = YES;
				CLANG_WARN__DUPLICATE_METHOD_MATCH = YES;
				COPY_PHASE_STRIP = NO;
				DEBUG_INFORMATION_FORMAT = dwarf;
				ENABLE_STRICT_OBJC_MSGSEND = YES;
				ENABLE_TESTABILITY = YES;
				ENABLE_USER_SCRIPT_SANDBOXING = YES;
				GCC_C_LANGUAGE_STANDARD = gnu17;
				GCC_DYNAMIC_NO_PIC = NO;
				GCC_NO_COMMON_BLOCKS = YES;
				GCC_OPTIMIZATION_LEVEL = 0;
				GCC_PREPROCESSOR_DEFINITIONS = (
					"DEBUG=1",
					"$(inherited)",
				);
				GCC_WARN_64_TO_32_BIT_CONVERSION = YES;
				GCC_WARN_ABOUT_RETURN_TYPE = YES_ERROR;
				GCC_WARN_UNDECLARED_SELECTOR = YES;
				GCC_WARN_UNINITIALIZED_AUTOS = YES_AGGRESSIVE;
				GCC_WARN_UNUSED_FUNCTION = YES;
				GCC_WARN_UNUSED_VARIABLE = YES;
				IPHONEOS_DEPLOYMENT_TARGET = 17.4;
				LOCALIZATION_PREFERS_STRING_CATALOGS = YES;
				MTL_ENABLE_DEBUG_INFO = INCLUDE_SOURCE;
				MTL_FAST_MATH = YES;
				ONLY_ACTIVE_ARCH = YES;
				SDKROOT = iphoneos;
				SWIFT_ACTIVE_COMPILATION_CONDITIONS = "DEBUG $(inherited)";
				SWIFT_OPTIMIZATION_LEVEL = "-Onone";
			};
			name = Debug;
		};
		0E9512E42BB5D88500E9CA83 /* Release */ = {
			isa = XCBuildConfiguration;
			buildSettings = {
				ALWAYS_SEARCH_USER_PATHS = NO;
				ASSETCATALOG_COMPILER_GENERATE_SWIFT_ASSET_SYMBOL_EXTENSIONS = YES;
				CLANG_ANALYZER_NONNULL = YES;
				CLANG_ANALYZER_NUMBER_OBJECT_CONVERSION = YES_AGGRESSIVE;
				CLANG_CXX_LANGUAGE_STANDARD = "gnu++20";
				CLANG_ENABLE_MODULES = YES;
				CLANG_ENABLE_OBJC_ARC = YES;
				CLANG_ENABLE_OBJC_WEAK = YES;
				CLANG_WARN_BLOCK_CAPTURE_AUTORELEASING = YES;
				CLANG_WARN_BOOL_CONVERSION = YES;
				CLANG_WARN_COMMA = YES;
				CLANG_WARN_CONSTANT_CONVERSION = YES;
				CLANG_WARN_DEPRECATED_OBJC_IMPLEMENTATIONS = YES;
				CLANG_WARN_DIRECT_OBJC_ISA_USAGE = YES_ERROR;
				CLANG_WARN_DOCUMENTATION_COMMENTS = YES;
				CLANG_WARN_EMPTY_BODY = YES;
				CLANG_WARN_ENUM_CONVERSION = YES;
				CLANG_WARN_INFINITE_RECURSION = YES;
				CLANG_WARN_INT_CONVERSION = YES;
				CLANG_WARN_NON_LITERAL_NULL_CONVERSION = YES;
				CLANG_WARN_OBJC_IMPLICIT_RETAIN_SELF = YES;
				CLANG_WARN_OBJC_LITERAL_CONVERSION = YES;
				CLANG_WARN_OBJC_ROOT_CLASS = YES_ERROR;
				CLANG_WARN_QUOTED_INCLUDE_IN_FRAMEWORK_HEADER = YES;
				CLANG_WARN_RANGE_LOOP_ANALYSIS = YES;
				CLANG_WARN_STRICT_PROTOTYPES = YES;
				CLANG_WARN_SUSPICIOUS_MOVE = YES;
				CLANG_WARN_UNGUARDED_AVAILABILITY = YES_AGGRESSIVE;
				CLANG_WARN_UNREACHABLE_CODE = YES;
				CLANG_WARN__DUPLICATE_METHOD_MATCH = YES;
				COPY_PHASE_STRIP = NO;
				DEBUG_INFORMATION_FORMAT = "dwarf-with-dsym";
				ENABLE_NS_ASSERTIONS = NO;
				ENABLE_STRICT_OBJC_MSGSEND = YES;
				ENABLE_USER_SCRIPT_SANDBOXING = YES;
				GCC_C_LANGUAGE_STANDARD = gnu17;
				GCC_NO_COMMON_BLOCKS = YES;
				GCC_WARN_64_TO_32_BIT_CONVERSION = YES;
				GCC_WARN_ABOUT_RETURN_TYPE = YES_ERROR;
				GCC_WARN_UNDECLARED_SELECTOR = YES;
				GCC_WARN_UNINITIALIZED_AUTOS = YES_AGGRESSIVE;
				GCC_WARN_UNUSED_FUNCTION = YES;
				GCC_WARN_UNUSED_VARIABLE = YES;
				IPHONEOS_DEPLOYMENT_TARGET = 17.4;
				LOCALIZATION_PREFERS_STRING_CATALOGS = YES;
				MTL_ENABLE_DEBUG_INFO = NO;
				MTL_FAST_MATH = YES;
				SDKROOT = iphoneos;
				SWIFT_COMPILATION_MODE = wholemodule;
				VALIDATE_PRODUCT = YES;
			};
			name = Release;
		};
		0E9512E62BB5D88500E9CA83 /* Debug */ = {
			isa = XCBuildConfiguration;
			buildSettings = {
				ASSETCATALOG_COMPILER_APPICON_NAME = AppIcon;
				ASSETCATALOG_COMPILER_GLOBAL_ACCENT_COLOR_NAME = AccentColor;
				CODE_SIGN_STYLE = Automatic;
				CURRENT_PROJECT_VERSION = 1;
				DEVELOPMENT_ASSET_PATHS = "\"NESEmulator/Preview Content\"";
				DEVELOPMENT_TEAM = HFR8F4BT7E;
				ENABLE_PREVIEWS = YES;
				GENERATE_INFOPLIST_FILE = YES;
				INFOPLIST_KEY_UIApplicationSceneManifest_Generation = YES;
				INFOPLIST_KEY_UIApplicationSupportsIndirectInputEvents = YES;
				INFOPLIST_KEY_UILaunchScreen_Generation = YES;
				INFOPLIST_KEY_UISupportedInterfaceOrientations_iPad = "UIInterfaceOrientationPortrait UIInterfaceOrientationPortraitUpsideDown UIInterfaceOrientationLandscapeLeft UIInterfaceOrientationLandscapeRight";
				INFOPLIST_KEY_UISupportedInterfaceOrientations_iPhone = "UIInterfaceOrientationPortrait UIInterfaceOrientationLandscapeLeft UIInterfaceOrientationLandscapeRight";
				LD_RUNPATH_SEARCH_PATHS = (
					"$(inherited)",
					"@executable_path/Frameworks",
				);
				MARKETING_VERSION = 1.0;
				PRODUCT_BUNDLE_IDENTIFIER = com.mazjap.NESEmulator;
				PRODUCT_NAME = "$(TARGET_NAME)";
				SWIFT_EMIT_LOC_STRINGS = YES;
				SWIFT_VERSION = 5.0;
				TARGETED_DEVICE_FAMILY = "1,2";
			};
			name = Debug;
		};
		0E9512E72BB5D88500E9CA83 /* Release */ = {
			isa = XCBuildConfiguration;
			buildSettings = {
				ASSETCATALOG_COMPILER_APPICON_NAME = AppIcon;
				ASSETCATALOG_COMPILER_GLOBAL_ACCENT_COLOR_NAME = AccentColor;
				CODE_SIGN_STYLE = Automatic;
				CURRENT_PROJECT_VERSION = 1;
				DEVELOPMENT_ASSET_PATHS = "\"NESEmulator/Preview Content\"";
				DEVELOPMENT_TEAM = HFR8F4BT7E;
				ENABLE_PREVIEWS = YES;
				GENERATE_INFOPLIST_FILE = YES;
				INFOPLIST_KEY_UIApplicationSceneManifest_Generation = YES;
				INFOPLIST_KEY_UIApplicationSupportsIndirectInputEvents = YES;
				INFOPLIST_KEY_UILaunchScreen_Generation = YES;
				INFOPLIST_KEY_UISupportedInterfaceOrientations_iPad = "UIInterfaceOrientationPortrait UIInterfaceOrientationPortraitUpsideDown UIInterfaceOrientationLandscapeLeft UIInterfaceOrientationLandscapeRight";
				INFOPLIST_KEY_UISupportedInterfaceOrientations_iPhone = "UIInterfaceOrientationPortrait UIInterfaceOrientationLandscapeLeft UIInterfaceOrientationLandscapeRight";
				LD_RUNPATH_SEARCH_PATHS = (
					"$(inherited)",
					"@executable_path/Frameworks",
				);
				MARKETING_VERSION = 1.0;
				PRODUCT_BUNDLE_IDENTIFIER = com.mazjap.NESEmulator;
				PRODUCT_NAME = "$(TARGET_NAME)";
				SWIFT_EMIT_LOC_STRINGS = YES;
				SWIFT_VERSION = 5.0;
				TARGETED_DEVICE_FAMILY = "1,2";
			};
			name = Release;
		};
/* End XCBuildConfiguration section */

/* Begin XCConfigurationList section */
		0E9512D22BB5D88400E9CA83 /* Build configuration list for PBXProject "NESEmulator" */ = {
			isa = XCConfigurationList;
			buildConfigurations = (
				0E9512E32BB5D88500E9CA83 /* Debug */,
				0E9512E42BB5D88500E9CA83 /* Release */,
			);
			defaultConfigurationIsVisible = 0;
			defaultConfigurationName = Release;
		};
		0E9512E52BB5D88500E9CA83 /* Build configuration list for PBXNativeTarget "NESEmulator" */ = {
			isa = XCConfigurationList;
			buildConfigurations = (
				0E9512E62BB5D88500E9CA83 /* Debug */,
				0E9512E72BB5D88500E9CA83 /* Release */,
			);
			defaultConfigurationIsVisible = 0;
			defaultConfigurationName = Release;
		};
/* End XCConfigurationList section */
	};
	rootObject = 0E9512CF2BB5D88400E9CA83 /* Project object */;
}
